
Microsoft Visual Studio Solution File, Format Version 12.00
# Visual Studio Version 16
VisualStudioVersion = 16.0.30011.22
MinimumVisualStudioVersion = 10.0.40219.1
Project("{FAE04EC0-301F-11D3-BF4B-00C04F79EFBC}") = "AirHeaterProcess", "AirHeaterProcess.csproj", "{832BE782-2401-4DCF-BAB6-BE33A96F2611}"
EndProject
Global
	GlobalSection(SolutionConfigurationPlatforms) = preSolution
		Debug|Any CPU = Debug|Any CPU
		Release|Any CPU = Release|Any CPU
	EndGlobalSection
	GlobalSection(ProjectConfigurationPlatforms) = postSolution
		{832BE782-2401-4DCF-BAB6-BE33A96F2611}.Debug|Any CPU.ActiveCfg = Debug|Any CPU
		{832BE782-2401-4DCF-BAB6-BE33A96F2611}.Debug|Any CPU.Build.0 = Debug|Any CPU
		{832BE782-2401-4DCF-BAB6-BE33A96F2611}.Release|Any CPU.ActiveCfg = Release|Any CPU
		{832BE782-2401-4DCF-BAB6-BE33A96F2611}.Release|Any CPU.Build.0 = Release|Any CPU
	EndGlobalSection
	GlobalSection(SolutionProperties) = preSolution
		HideSolutionNode = FALSE
	EndGlobalSection
	GlobalSection(ExtensibilityGlobals) = postSolution
		SolutionGuid = {90144AD1-3088-4A29-965D-204785408C95}
	EndGlobalSection
EndGlobal
